PODS:
  - Bolts/Tasks (1.8.4)
  - Parse (1.14.1):
    - Bolts/Tasks (~> 1.8)
  - youtube-ios-player-helper (0.1.6)

DEPENDENCIES:
  - Parse
  - youtube-ios-player-helper (~> 0.1.4)

SPEC CHECKSUMS:
  Bolts: 8a7995239dbe724f9cba2248b766d48b7ebdd322
  Parse: 4f72b1c01b3fc9038bea045681b6cc1b070c081e
  youtube-ios-player-helper: 21ab92db027c7ff86cb17a3843a3f6eafc8158d2

PODFILE CHECKSUM: 038f412655fcba58f418f608371ae1bab5811470

COCOAPODS: 1.0.1
