// !$*UTF8*$!
{
	archiveVersion = 1;
	classes = {
	};
	objectVersion = 46;
	objects = {

/* Begin PBXBuildFile section */
		660196321D3F4A08001B1EF8 /* Like.swift in Sources */ = {isa = PBXBuildFile; fileRef = 660196311D3F4A08001B1EF8 /* Like.swift */; };
		665FB5AA1D42DDFB0093AEEE /* SpotifyHelper.swift in Sources */ = {isa = PBXBuildFile; fileRef = 665FB5A91D42DDFB0093AEEE /* SpotifyHelper.swift */; };
		6663AC3F1D404CA00063D20F /* Constants.swift in Sources */ = {isa = PBXBuildFile; fileRef = 6663AC3E1D404CA00063D20F /* Constants.swift */; };
		6663AC431D4050EB0063D20F /* LocationManager.swift in Sources */ = {isa = PBXBuildFile; fileRef = 6663AC421D4050EB0063D20F /* LocationManager.swift */; };
		667B59261D4461BF0005A38A /* SpotifyTrackCell.swift in Sources */ = {isa = PBXBuildFile; fileRef = 667B59251D4461BF0005A38A /* SpotifyTrackCell.swift */; };
		66954BBA1D4AB7FE00777B9D /* GoogleService-Info.plist in Resources */ = {isa = PBXBuildFile; fileRef = 66954BB91D4AB7FE00777B9D /* GoogleService-Info.plist */; };
		66954BBC1D4ABF3100777B9D /* ChatViewController.swift in Sources */ = {isa = PBXBuildFile; fileRef = 66954BBB1D4ABF3100777B9D /* ChatViewController.swift */; };
		669FB30B1D4085A600DDE6FD /* ProfileViewController.swift in Sources */ = {isa = PBXBuildFile; fileRef = 669FB30A1D4085A600DDE6FD /* ProfileViewController.swift */; };
		669FB30D1D4086EC00DDE6FD /* SettingsViewController.swift in Sources */ = {isa = PBXBuildFile; fileRef = 669FB30C1D4086EC00DDE6FD /* SettingsViewController.swift */; };
		66D9D45F1D40ADB1005433D9 /* ParseLoginHelper.swift in Sources */ = {isa = PBXBuildFile; fileRef = 66D9D45E1D40ADB1005433D9 /* ParseLoginHelper.swift */; };
		66D9D4611D40B63C005433D9 /* ErrorHandling.swift in Sources */ = {isa = PBXBuildFile; fileRef = 66D9D4601D40B63C005433D9 /* ErrorHandling.swift */; };
		66DB4A971D42995A00C92A4E /* SpotifySelectionViewController.swift in Sources */ = {isa = PBXBuildFile; fileRef = 66DB4A961D42995A00C92A4E /* SpotifySelectionViewController.swift */; };
		66DB4A991D429BDA00C92A4E /* Spotify.framework in Frameworks */ = {isa = PBXBuildFile; fileRef = 66DB4A981D429BDA00C92A4E /* Spotify.framework */; };
		66DB4A9B1D42A63900C92A4E /* AVFoundation.framework in Frameworks */ = {isa = PBXBuildFile; fileRef = 66DB4A9A1D42A63900C92A4E /* AVFoundation.framework */; };
		66DB4A9D1D42A64900C92A4E /* SystemConfiguration.framework in Frameworks */ = {isa = PBXBuildFile; fileRef = 66DB4A9C1D42A64900C92A4E /* SystemConfiguration.framework */; };
		66DC8C2E1D47152400A606AD /* SpotifyPlayerView.swift in Sources */ = {isa = PBXBuildFile; fileRef = 66DC8C2D1D47152400A606AD /* SpotifyPlayerView.swift */; };
		66DC983A1D4B32220046D93D /* Message.swift in Sources */ = {isa = PBXBuildFile; fileRef = 66DC98391D4B32220046D93D /* Message.swift */; };
		66DE83C01D486F7E00DA253D /* InitialViewController.swift in Sources */ = {isa = PBXBuildFile; fileRef = 66DE83BF1D486F7E00DA253D /* InitialViewController.swift */; };
		66E0802E1D400BF5001888EF /* MatchesViewController.swift in Sources */ = {isa = PBXBuildFile; fileRef = 66E0802D1D400BF5001888EF /* MatchesViewController.swift */; };
		66E080311D400F7F001888EF /* MatchesCell.swift in Sources */ = {isa = PBXBuildFile; fileRef = 66E080301D400F7F001888EF /* MatchesCell.swift */; };
		66F312D71D4586C1004318A7 /* YoutubeVideoCell.swift in Sources */ = {isa = PBXBuildFile; fileRef = 66F312D61D4586C1004318A7 /* YoutubeVideoCell.swift */; };
		A9E1043538750CDF34B0D64F /* Pods_myAppUITests.framework in Frameworks */ = {isa = PBXBuildFile; fileRef = 5F6A8CD2065F078B253504F6 /* Pods_myAppUITests.framework */; };
		B5142DEE750CA0281F07B2D9 /* Pods_myAppTests.framework in Frameworks */ = {isa = PBXBuildFile; fileRef = 7951F73529AD5B2159463BBE /* Pods_myAppTests.framework */; };
		BA3B8E2B1D395750004D8563 /* TimePickerView.swift in Sources */ = {isa = PBXBuildFile; fileRef = BA3B8E2A1D395750004D8563 /* TimePickerView.swift */; };
		BA49F3191D3D5D6200D53474 /* HomeViewController.swift in Sources */ = {isa = PBXBuildFile; fileRef = BA49F3181D3D5D6200D53474 /* HomeViewController.swift */; };
		BA49F31D1D3D931900D53474 /* User.swift in Sources */ = {isa = PBXBuildFile; fileRef = BA49F31C1D3D931900D53474 /* User.swift */; };
		BA49F31F1D3D9E5500D53474 /* Post.swift in Sources */ = {isa = PBXBuildFile; fileRef = BA49F31E1D3D9E5500D53474 /* Post.swift */; };
		BA5973581D36B24B00201D2F /* AppDelegate.swift in Sources */ = {isa = PBXBuildFile; fileRef = BA5973571D36B24B00201D2F /* AppDelegate.swift */; };
		BA59735A1D36B24B00201D2F /* SearchViewController.swift in Sources */ = {isa = PBXBuildFile; fileRef = BA5973591D36B24B00201D2F /* SearchViewController.swift */; };
		BA59735F1D36B24B00201D2F /* Assets.xcassets in Resources */ = {isa = PBXBuildFile; fileRef = BA59735E1D36B24B00201D2F /* Assets.xcassets */; };
		BA5973621D36B24B00201D2F /* LaunchScreen.storyboard in Resources */ = {isa = PBXBuildFile; fileRef = BA5973601D36B24B00201D2F /* LaunchScreen.storyboard */; };
		BA59736D1D36B24B00201D2F /* testTests.swift in Sources */ = {isa = PBXBuildFile; fileRef = BA59736C1D36B24B00201D2F /* testTests.swift */; };
		BA5973781D36B24B00201D2F /* testUITests.swift in Sources */ = {isa = PBXBuildFile; fileRef = BA5973771D36B24B00201D2F /* testUITests.swift */; };
		BA59738A1D36E38900201D2F /* HTTPHelper.swift in Sources */ = {isa = PBXBuildFile; fileRef = BA5973891D36E38900201D2F /* HTTPHelper.swift */; };
		BADE5C451D384D0500827542 /* SelectViewController.swift in Sources */ = {isa = PBXBuildFile; fileRef = BADE5C441D384D0500827542 /* SelectViewController.swift */; };
		BADE5CD31D3875A800827542 /* Main.storyboard in Resources */ = {isa = PBXBuildFile; fileRef = BADE5CD21D3875A800827542 /* Main.storyboard */; };
		DFA9F72352D0C707FD2FE827 /* Pods_myApp.framework in Frameworks */ = {isa = PBXBuildFile; fileRef = E8280107B0C67103174ED5EF /* Pods_myApp.framework */; };
/* End PBXBuildFile section */

/* Begin PBXContainerItemProxy section */
		BA5973691D36B24B00201D2F /* PBXContainerItemProxy */ = {
			isa = PBXContainerItemProxy;
			containerPortal = BA59734C1D36B24B00201D2F /* Project object */;
			proxyType = 1;
			remoteGlobalIDString = BA5973531D36B24B00201D2F;
			remoteInfo = test;
		};
		BA5973741D36B24B00201D2F /* PBXContainerItemProxy */ = {
			isa = PBXContainerItemProxy;
			containerPortal = BA59734C1D36B24B00201D2F /* Project object */;
			proxyType = 1;
			remoteGlobalIDString = BA5973531D36B24B00201D2F;
			remoteInfo = test;
		};
/* End PBXContainerItemProxy section */

/* Begin PBXFileReference section */
		183B8CE496EBE57BFB5E38E9 /* Pods-myApp.debug.xcconfig */ = {isa = PBXFileReference; includeInIndex = 1; lastKnownFileType = text.xcconfig; name = "Pods-myApp.debug.xcconfig"; path = "Pods/Target Support Files/Pods-myApp/Pods-myApp.debug.xcconfig"; sourceTree = "<group>"; };
		5F6A8CD2065F078B253504F6 /* Pods_myAppUITests.framework */ = {isa = PBXFileReference; explicitFileType = wrapper.framework; includeInIndex = 0; path = Pods_myAppUITests.framework; sourceTree = BUILT_PRODUCTS_DIR; };
		660196311D3F4A08001B1EF8 /* Like.swift */ = {isa = PBXFileReference; fileEncoding = 4; lastKnownFileType = sourcecode.swift; path = Like.swift; sourceTree = "<group>"; };
		665FB5A91D42DDFB0093AEEE /* SpotifyHelper.swift */ = {isa = PBXFileReference; fileEncoding = 4; lastKnownFileType = sourcecode.swift; name = SpotifyHelper.swift; path = Helpers/SpotifyHelper.swift; sourceTree = SOURCE_ROOT; };
		6663AC3E1D404CA00063D20F /* Constants.swift */ = {isa = PBXFileReference; fileEncoding = 4; lastKnownFileType = sourcecode.swift; name = Constants.swift; path = Helpers/Constants.swift; sourceTree = SOURCE_ROOT; };
		6663AC421D4050EB0063D20F /* LocationManager.swift */ = {isa = PBXFileReference; fileEncoding = 4; lastKnownFileType = sourcecode.swift; path = LocationManager.swift; sourceTree = "<group>"; };
		667B59251D4461BF0005A38A /* SpotifyTrackCell.swift */ = {isa = PBXFileReference; fileEncoding = 4; lastKnownFileType = sourcecode.swift; path = SpotifyTrackCell.swift; sourceTree = "<group>"; };
		66954BB91D4AB7FE00777B9D /* GoogleService-Info.plist */ = {isa = PBXFileReference; fileEncoding = 4; lastKnownFileType = text.plist.xml; path = "GoogleService-Info.plist"; sourceTree = SOURCE_ROOT; };
		66954BBB1D4ABF3100777B9D /* ChatViewController.swift */ = {isa = PBXFileReference; fileEncoding = 4; lastKnownFileType = sourcecode.swift; path = ChatViewController.swift; sourceTree = "<group>"; };
		669FB30A1D4085A600DDE6FD /* ProfileViewController.swift */ = {isa = PBXFileReference; fileEncoding = 4; lastKnownFileType = sourcecode.swift; path = ProfileViewController.swift; sourceTree = "<group>"; };
		669FB30C1D4086EC00DDE6FD /* SettingsViewController.swift */ = {isa = PBXFileReference; fileEncoding = 4; lastKnownFileType = sourcecode.swift; path = SettingsViewController.swift; sourceTree = "<group>"; };
		66D9D45E1D40ADB1005433D9 /* ParseLoginHelper.swift */ = {isa = PBXFileReference; fileEncoding = 4; lastKnownFileType = sourcecode.swift; name = ParseLoginHelper.swift; path = Helpers/ParseLoginHelper.swift; sourceTree = SOURCE_ROOT; };
		66D9D4601D40B63C005433D9 /* ErrorHandling.swift */ = {isa = PBXFileReference; fileEncoding = 4; lastKnownFileType = sourcecode.swift; path = ErrorHandling.swift; sourceTree = "<group>"; };
		66DB4A961D42995A00C92A4E /* SpotifySelectionViewController.swift */ = {isa = PBXFileReference; fileEncoding = 4; lastKnownFileType = sourcecode.swift; path = SpotifySelectionViewController.swift; sourceTree = "<group>"; };
		66DB4A981D429BDA00C92A4E /* Spotify.framework */ = {isa = PBXFileReference; lastKnownFileType = wrapper.framework; path = Spotify.framework; sourceTree = "<group>"; };
		66DB4A9A1D42A63900C92A4E /* AVFoundation.framework */ = {isa = PBXFileReference; lastKnownFileType = wrapper.framework; name = AVFoundation.framework; path = System/Library/Frameworks/AVFoundation.framework; sourceTree = SDKROOT; };
		66DB4A9C1D42A64900C92A4E /* SystemConfiguration.framework */ = {isa = PBXFileReference; lastKnownFileType = wrapper.framework; name = SystemConfiguration.framework; path = System/Library/Frameworks/SystemConfiguration.framework; sourceTree = SDKROOT; };
		66DC8C2D1D47152400A606AD /* SpotifyPlayerView.swift */ = {isa = PBXFileReference; fileEncoding = 4; lastKnownFileType = sourcecode.swift; path = SpotifyPlayerView.swift; sourceTree = "<group>"; };
		66DC98391D4B32220046D93D /* Message.swift */ = {isa = PBXFileReference; fileEncoding = 4; lastKnownFileType = sourcecode.swift; path = Message.swift; sourceTree = "<group>"; };
		66DE83BF1D486F7E00DA253D /* InitialViewController.swift */ = {isa = PBXFileReference; fileEncoding = 4; lastKnownFileType = sourcecode.swift; path = InitialViewController.swift; sourceTree = "<group>"; };
		66E0802D1D400BF5001888EF /* MatchesViewController.swift */ = {isa = PBXFileReference; fileEncoding = 4; lastKnownFileType = sourcecode.swift; path = MatchesViewController.swift; sourceTree = "<group>"; };
		66E080301D400F7F001888EF /* MatchesCell.swift */ = {isa = PBXFileReference; fileEncoding = 4; lastKnownFileType = sourcecode.swift; path = MatchesCell.swift; sourceTree = "<group>"; };
		66F312D61D4586C1004318A7 /* YoutubeVideoCell.swift */ = {isa = PBXFileReference; fileEncoding = 4; lastKnownFileType = sourcecode.swift; path = YoutubeVideoCell.swift; sourceTree = "<group>"; };
		7951F73529AD5B2159463BBE /* Pods_myAppTests.framework */ = {isa = PBXFileReference; explicitFileType = wrapper.framework; includeInIndex = 0; path = Pods_myAppTests.framework; sourceTree = BUILT_PRODUCTS_DIR; };
		91A75B62F057C0F888B36231 /* Pods-myAppTests.debug.xcconfig */ = {isa = PBXFileReference; includeInIndex = 1; lastKnownFileType = text.xcconfig; name = "Pods-myAppTests.debug.xcconfig"; path = "Pods/Target Support Files/Pods-myAppTests/Pods-myAppTests.debug.xcconfig"; sourceTree = "<group>"; };
		9D75B920C53C2FFCF9570BA4 /* Pods-myAppUITests.release.xcconfig */ = {isa = PBXFileReference; includeInIndex = 1; lastKnownFileType = text.xcconfig; name = "Pods-myAppUITests.release.xcconfig"; path = "Pods/Target Support Files/Pods-myAppUITests/Pods-myAppUITests.release.xcconfig"; sourceTree = "<group>"; };
		AD29123990C9F40027B9CC8C /* Pods-myAppUITests.debug.xcconfig */ = {isa = PBXFileReference; includeInIndex = 1; lastKnownFileType = text.xcconfig; name = "Pods-myAppUITests.debug.xcconfig"; path = "Pods/Target Support Files/Pods-myAppUITests/Pods-myAppUITests.debug.xcconfig"; sourceTree = "<group>"; };
		B789CD63D8BD85E5E0F6CB48 /* Pods-myApp.release.xcconfig */ = {isa = PBXFileReference; includeInIndex = 1; lastKnownFileType = text.xcconfig; name = "Pods-myApp.release.xcconfig"; path = "Pods/Target Support Files/Pods-myApp/Pods-myApp.release.xcconfig"; sourceTree = "<group>"; };
		BA3B8E2A1D395750004D8563 /* TimePickerView.swift */ = {isa = PBXFileReference; fileEncoding = 4; lastKnownFileType = sourcecode.swift; name = TimePickerView.swift; path = ../test/TimePickerView.swift; sourceTree = "<group>"; };
		BA49F3181D3D5D6200D53474 /* HomeViewController.swift */ = {isa = PBXFileReference; fileEncoding = 4; lastKnownFileType = sourcecode.swift; path = HomeViewController.swift; sourceTree = "<group>"; };
		BA49F31C1D3D931900D53474 /* User.swift */ = {isa = PBXFileReference; fileEncoding = 4; lastKnownFileType = sourcecode.swift; path = User.swift; sourceTree = "<group>"; };
		BA49F31E1D3D9E5500D53474 /* Post.swift */ = {isa = PBXFileReference; fileEncoding = 4; lastKnownFileType = sourcecode.swift; path = Post.swift; sourceTree = "<group>"; };
		BA5973541D36B24B00201D2F /* myApp.app */ = {isa = PBXFileReference; explicitFileType = wrapper.application; includeInIndex = 0; path = myApp.app; sourceTree = BUILT_PRODUCTS_DIR; };
		BA5973571D36B24B00201D2F /* AppDelegate.swift */ = {isa = PBXFileReference; lastKnownFileType = sourcecode.swift; path = AppDelegate.swift; sourceTree = "<group>"; };
		BA5973591D36B24B00201D2F /* SearchViewController.swift */ = {isa = PBXFileReference; lastKnownFileType = sourcecode.swift; path = SearchViewController.swift; sourceTree = "<group>"; };
		BA59735E1D36B24B00201D2F /* Assets.xcassets */ = {isa = PBXFileReference; lastKnownFileType = folder.assetcatalog; path = Assets.xcassets; sourceTree = "<group>"; };
		BA5973611D36B24B00201D2F /* Base */ = {isa = PBXFileReference; lastKnownFileType = file.storyboard; name = Base; path = Base.lproj/LaunchScreen.storyboard; sourceTree = "<group>"; };
		BA5973631D36B24B00201D2F /* Info.plist */ = {isa = PBXFileReference; lastKnownFileType = text.plist.xml; path = Info.plist; sourceTree = "<group>"; };
		BA5973681D36B24B00201D2F /* myApp.xctest */ = {isa = PBXFileReference; explicitFileType = wrapper.cfbundle; includeInIndex = 0; path = myApp.xctest; sourceTree = BUILT_PRODUCTS_DIR; };
		BA59736C1D36B24B00201D2F /* testTests.swift */ = {isa = PBXFileReference; lastKnownFileType = sourcecode.swift; path = testTests.swift; sourceTree = "<group>"; };
		BA59736E1D36B24B00201D2F /* Info.plist */ = {isa = PBXFileReference; lastKnownFileType = text.plist.xml; path = Info.plist; sourceTree = "<group>"; };
		BA5973731D36B24B00201D2F /* myApp.xctest */ = {isa = PBXFileReference; explicitFileType = wrapper.cfbundle; includeInIndex = 0; path = myApp.xctest; sourceTree = BUILT_PRODUCTS_DIR; };
		BA5973771D36B24B00201D2F /* testUITests.swift */ = {isa = PBXFileReference; lastKnownFileType = sourcecode.swift; path = testUITests.swift; sourceTree = "<group>"; };
		BA5973791D36B24B00201D2F /* Info.plist */ = {isa = PBXFileReference; lastKnownFileType = text.plist.xml; path = Info.plist; sourceTree = "<group>"; };
		BA5973891D36E38900201D2F /* HTTPHelper.swift */ = {isa = PBXFileReference; fileEncoding = 4; lastKnownFileType = sourcecode.swift; path = HTTPHelper.swift; sourceTree = "<group>"; };
		BADE5C441D384D0500827542 /* SelectViewController.swift */ = {isa = PBXFileReference; fileEncoding = 4; lastKnownFileType = sourcecode.swift; path = SelectViewController.swift; sourceTree = "<group>"; };
		BADE5CB01D38553500827542 /* myApp-Bridging-Header.h */ = {isa = PBXFileReference; lastKnownFileType = sourcecode.c.h; path = "myApp-Bridging-Header.h"; sourceTree = "<group>"; };
		BADE5CD21D3875A800827542 /* Main.storyboard */ = {isa = PBXFileReference; fileEncoding = 4; lastKnownFileType = file.storyboard; path = Main.storyboard; sourceTree = "<group>"; };
		E8280107B0C67103174ED5EF /* Pods_myApp.framework */ = {isa = PBXFileReference; explicitFileType = wrapper.framework; includeInIndex = 0; path = Pods_myApp.framework; sourceTree = BUILT_PRODUCTS_DIR; };
		F7BEF2959042762130BD6A85 /* Pods-myAppTests.release.xcconfig */ = {isa = PBXFileReference; includeInIndex = 1; lastKnownFileType = text.xcconfig; name = "Pods-myAppTests.release.xcconfig"; path = "Pods/Target Support Files/Pods-myAppTests/Pods-myAppTests.release.xcconfig"; sourceTree = "<group>"; };
/* End PBXFileReference section */

/* Begin PBXFrameworksBuildPhase section */
		BA5973511D36B24B00201D2F /* Frameworks */ = {
			isa = PBXFrameworksBuildPhase;
			buildActionMask = 2147483647;
			files = (
				66DB4A9D1D42A64900C92A4E /* SystemConfiguration.framework in Frameworks */,
				66DB4A9B1D42A63900C92A4E /* AVFoundation.framework in Frameworks */,
				DFA9F72352D0C707FD2FE827 /* Pods_myApp.framework in Frameworks */,
				66DB4A991D429BDA00C92A4E /* Spotify.framework in Frameworks */,
			);
			runOnlyForDeploymentPostprocessing = 0;
		};
		BA5973651D36B24B00201D2F /* Frameworks */ = {
			isa = PBXFrameworksBuildPhase;
			buildActionMask = 2147483647;
			files = (
				B5142DEE750CA0281F07B2D9 /* Pods_myAppTests.framework in Frameworks */,
			);
			runOnlyForDeploymentPostprocessing = 0;
		};
		BA5973701D36B24B00201D2F /* Frameworks */ = {
			isa = PBXFrameworksBuildPhase;
			buildActionMask = 2147483647;
			files = (
				A9E1043538750CDF34B0D64F /* Pods_myAppUITests.framework in Frameworks */,
			);
			runOnlyForDeploymentPostprocessing = 0;
		};
/* End PBXFrameworksBuildPhase section */

/* Begin PBXGroup section */
		06A05134C912FCBABC67C337 /* Frameworks */ = {
			isa = PBXGroup;
			children = (
				66DB4A9C1D42A64900C92A4E /* SystemConfiguration.framework */,
				66DB4A9A1D42A63900C92A4E /* AVFoundation.framework */,
				66DB4A981D429BDA00C92A4E /* Spotify.framework */,
				E8280107B0C67103174ED5EF /* Pods_myApp.framework */,
				7951F73529AD5B2159463BBE /* Pods_myAppTests.framework */,
				5F6A8CD2065F078B253504F6 /* Pods_myAppUITests.framework */,
			);
			name = Frameworks;
			sourceTree = "<group>";
		};
		11EF5A5BFD1444FC9DB7513E /* Pods */ = {
			isa = PBXGroup;
			children = (
				183B8CE496EBE57BFB5E38E9 /* Pods-myApp.debug.xcconfig */,
				B789CD63D8BD85E5E0F6CB48 /* Pods-myApp.release.xcconfig */,
				91A75B62F057C0F888B36231 /* Pods-myAppTests.debug.xcconfig */,
				F7BEF2959042762130BD6A85 /* Pods-myAppTests.release.xcconfig */,
				AD29123990C9F40027B9CC8C /* Pods-myAppUITests.debug.xcconfig */,
				9D75B920C53C2FFCF9570BA4 /* Pods-myAppUITests.release.xcconfig */,
			);
			name = Pods;
			sourceTree = "<group>";
		};
		66E0802F1D400F2B001888EF /* Views */ = {
			isa = PBXGroup;
			children = (
				66F312D61D4586C1004318A7 /* YoutubeVideoCell.swift */,
				667B59251D4461BF0005A38A /* SpotifyTrackCell.swift */,
				BA3B8E2A1D395750004D8563 /* TimePickerView.swift */,
				66E080301D400F7F001888EF /* MatchesCell.swift */,
				66DC8C2D1D47152400A606AD /* SpotifyPlayerView.swift */,
			);
			path = Views;
			sourceTree = "<group>";
		};
		BA49F31B1D3D930900D53474 /* Model */ = {
			isa = PBXGroup;
			children = (
				BA49F31C1D3D931900D53474 /* User.swift */,
				BA49F31E1D3D9E5500D53474 /* Post.swift */,
				660196311D3F4A08001B1EF8 /* Like.swift */,
				66DC98391D4B32220046D93D /* Message.swift */,
			);
			path = Model;
			sourceTree = "<group>";
		};
		BA59734B1D36B24B00201D2F = {
			isa = PBXGroup;
			children = (
				66E0802F1D400F2B001888EF /* Views */,
				BA49F31B1D3D930900D53474 /* Model */,
				BA5973881D36E37600201D2F /* helpers */,
				BA5973561D36B24B00201D2F /* test */,
				BA59736B1D36B24B00201D2F /* testTests */,
				BA5973761D36B24B00201D2F /* testUITests */,
				BA5973551D36B24B00201D2F /* Products */,
				11EF5A5BFD1444FC9DB7513E /* Pods */,
				06A05134C912FCBABC67C337 /* Frameworks */,
			);
			sourceTree = "<group>";
		};
		BA5973551D36B24B00201D2F /* Products */ = {
			isa = PBXGroup;
			children = (
				BA5973541D36B24B00201D2F /* myApp.app */,
				BA5973681D36B24B00201D2F /* myApp.xctest */,
				BA5973731D36B24B00201D2F /* myApp.xctest */,
			);
			name = Products;
			sourceTree = "<group>";
		};
		BA5973561D36B24B00201D2F /* test */ = {
			isa = PBXGroup;
			children = (
				BA5973571D36B24B00201D2F /* AppDelegate.swift */,
				66954BBB1D4ABF3100777B9D /* ChatViewController.swift */,
				BA5973591D36B24B00201D2F /* SearchViewController.swift */,
				BA59735E1D36B24B00201D2F /* Assets.xcassets */,
				BADE5CD21D3875A800827542 /* Main.storyboard */,
				BA5973601D36B24B00201D2F /* LaunchScreen.storyboard */,
				BA5973631D36B24B00201D2F /* Info.plist */,
				66954BB91D4AB7FE00777B9D /* GoogleService-Info.plist */,
				BADE5CB01D38553500827542 /* myApp-Bridging-Header.h */,
				BADE5C441D384D0500827542 /* SelectViewController.swift */,
				BA49F3181D3D5D6200D53474 /* HomeViewController.swift */,
				66E0802D1D400BF5001888EF /* MatchesViewController.swift */,
				669FB30A1D4085A600DDE6FD /* ProfileViewController.swift */,
				669FB30C1D4086EC00DDE6FD /* SettingsViewController.swift */,
				66DB4A961D42995A00C92A4E /* SpotifySelectionViewController.swift */,
				66DE83BF1D486F7E00DA253D /* InitialViewController.swift */,
			);
			path = test;
			sourceTree = "<group>";
		};
		BA59736B1D36B24B00201D2F /* testTests */ = {
			isa = PBXGroup;
			children = (
				BA59736C1D36B24B00201D2F /* testTests.swift */,
				BA59736E1D36B24B00201D2F /* Info.plist */,
			);
			path = testTests;
			sourceTree = "<group>";
		};
		BA5973761D36B24B00201D2F /* testUITests */ = {
			isa = PBXGroup;
			children = (
				BA5973771D36B24B00201D2F /* testUITests.swift */,
				BA5973791D36B24B00201D2F /* Info.plist */,
			);
			path = testUITests;
			sourceTree = "<group>";
		};
		BA5973881D36E37600201D2F /* helpers */ = {
			isa = PBXGroup;
			children = (
				BA5973891D36E38900201D2F /* HTTPHelper.swift */,
				6663AC3E1D404CA00063D20F /* Constants.swift */,
				6663AC421D4050EB0063D20F /* LocationManager.swift */,
				66D9D45E1D40ADB1005433D9 /* ParseLoginHelper.swift */,
				66D9D4601D40B63C005433D9 /* ErrorHandling.swift */,
				665FB5A91D42DDFB0093AEEE /* SpotifyHelper.swift */,
			);
			path = helpers;
			sourceTree = "<group>";
		};
/* End PBXGroup section */

/* Begin PBXNativeTarget section */
		BA5973531D36B24B00201D2F /* myApp */ = {
			isa = PBXNativeTarget;
			buildConfigurationList = BA59737C1D36B24B00201D2F /* Build configuration list for PBXNativeTarget "myApp" */;
			buildPhases = (
				C4D059BE7BF8BEF344C87FD6 /* [CP] Check Pods Manifest.lock */,
				BA5973501D36B24B00201D2F /* Sources */,
				BA5973511D36B24B00201D2F /* Frameworks */,
				BA5973521D36B24B00201D2F /* Resources */,
				840C9615F82819A24BA4A687 /* [CP] Embed Pods Frameworks */,
				6B7AD917C0A4929428935429 /* [CP] Copy Pods Resources */,
			);
			buildRules = (
			);
			dependencies = (
			);
			name = myApp;
			productName = test;
			productReference = BA5973541D36B24B00201D2F /* myApp.app */;
			productType = "com.apple.product-type.application";
		};
		BA5973671D36B24B00201D2F /* myAppTests */ = {
			isa = PBXNativeTarget;
			buildConfigurationList = BA59737F1D36B24B00201D2F /* Build configuration list for PBXNativeTarget "myAppTests" */;
			buildPhases = (
				B16BEEDF09963F8130E3356A /* [CP] Check Pods Manifest.lock */,
				BA5973641D36B24B00201D2F /* Sources */,
				BA5973651D36B24B00201D2F /* Frameworks */,
				BA5973661D36B24B00201D2F /* Resources */,
				C59EB71C3CBF122FFD4CDEF0 /* [CP] Embed Pods Frameworks */,
				8B125FE74D267836366874EC /* [CP] Copy Pods Resources */,
			);
			buildRules = (
			);
			dependencies = (
				BA59736A1D36B24B00201D2F /* PBXTargetDependency */,
			);
			name = myAppTests;
			productName = testTests;
			productReference = BA5973681D36B24B00201D2F /* myApp.xctest */;
			productType = "com.apple.product-type.bundle.unit-test";
		};
		BA5973721D36B24B00201D2F /* myAppUITests */ = {
			isa = PBXNativeTarget;
			buildConfigurationList = BA5973821D36B24B00201D2F /* Build configuration list for PBXNativeTarget "myAppUITests" */;
			buildPhases = (
				764DD700E1BCF0DCE8093EF3 /* [CP] Check Pods Manifest.lock */,
				BA59736F1D36B24B00201D2F /* Sources */,
				BA5973701D36B24B00201D2F /* Frameworks */,
				BA5973711D36B24B00201D2F /* Resources */,
				7CEA24BC349BB5433141344A /* [CP] Copy Pods Resources */,
			);
			buildRules = (
			);
			dependencies = (
				BA5973751D36B24B00201D2F /* PBXTargetDependency */,
			);
			name = myAppUITests;
			productName = testUITests;
			productReference = BA5973731D36B24B00201D2F /* myApp.xctest */;
			productType = "com.apple.product-type.bundle.ui-testing";
		};
/* End PBXNativeTarget section */

/* Begin PBXProject section */
		BA59734C1D36B24B00201D2F /* Project object */ = {
			isa = PBXProject;
			attributes = {
				LastSwiftUpdateCheck = 0730;
				LastUpgradeCheck = 0730;
				ORGANIZATIONNAME = "Henry Declety";
				TargetAttributes = {
					BA5973531D36B24B00201D2F = {
						CreatedOnToolsVersion = 7.3.1;
						DevelopmentTeam = 4A9ZRXD5G2;
					};
					BA5973671D36B24B00201D2F = {
						CreatedOnToolsVersion = 7.3.1;
						TestTargetID = BA5973531D36B24B00201D2F;
					};
					BA5973721D36B24B00201D2F = {
						CreatedOnToolsVersion = 7.3.1;
						TestTargetID = BA5973531D36B24B00201D2F;
					};
				};
			};
			buildConfigurationList = BA59734F1D36B24B00201D2F /* Build configuration list for PBXProject "myApp" */;
			compatibilityVersion = "Xcode 3.2";
			developmentRegion = English;
			hasScannedForEncodings = 0;
			knownRegions = (
				en,
				Base,
			);
			mainGroup = BA59734B1D36B24B00201D2F;
			productRefGroup = BA5973551D36B24B00201D2F /* Products */;
			projectDirPath = "";
			projectRoot = "";
			targets = (
				BA5973531D36B24B00201D2F /* myApp */,
				BA5973671D36B24B00201D2F /* myAppTests */,
				BA5973721D36B24B00201D2F /* myAppUITests */,
			);
		};
/* End PBXProject section */

/* Begin PBXResourcesBuildPhase section */
		BA5973521D36B24B00201D2F /* Resources */ = {
			isa = PBXResourcesBuildPhase;
			buildActionMask = 2147483647;
			files = (
				BADE5CD31D3875A800827542 /* Main.storyboard in Resources */,
				66954BBA1D4AB7FE00777B9D /* GoogleService-Info.plist in Resources */,
				BA5973621D36B24B00201D2F /* LaunchScreen.storyboard in Resources */,
				BA59735F1D36B24B00201D2F /* Assets.xcassets in Resources */,
			);
			runOnlyForDeploymentPostprocessing = 0;
		};
		BA5973661D36B24B00201D2F /* Resources */ = {
			isa = PBXResourcesBuildPhase;
			buildActionMask = 2147483647;
			files = (
			);
			runOnlyForDeploymentPostprocessing = 0;
		};
		BA5973711D36B24B00201D2F /* Resources */ = {
			isa = PBXResourcesBuildPhase;
			buildActionMask = 2147483647;
			files = (
			);
			runOnlyForDeploymentPostprocessing = 0;
		};
/* End PBXResourcesBuildPhase section */

/* Begin PBXShellScriptBuildPhase section */
		6B7AD917C0A4929428935429 /* [CP] Copy Pods Resources */ = {
			isa = PBXShellScriptBuildPhase;
			buildActionMask = 2147483647;
			files = (
			);
			inputPaths = (
			);
			name = "[CP] Copy Pods Resources";
			outputPaths = (
			);
			runOnlyForDeploymentPostprocessing = 0;
			shellPath = /bin/sh;
			shellScript = "\"${SRCROOT}/Pods/Target Support Files/Pods-myApp/Pods-myApp-resources.sh\"\n";
			showEnvVarsInLog = 0;
		};
		764DD700E1BCF0DCE8093EF3 /* [CP] Check Pods Manifest.lock */ = {
			isa = PBXShellScriptBuildPhase;
			buildActionMask = 2147483647;
			files = (
			);
			inputPaths = (
			);
			name = "[CP] Check Pods Manifest.lock";
			outputPaths = (
			);
			runOnlyForDeploymentPostprocessing = 0;
			shellPath = /bin/sh;
			shellScript = "diff \"${PODS_ROOT}/../Podfile.lock\" \"${PODS_ROOT}/Manifest.lock\" > /dev/null\nif [[ $? != 0 ]] ; then\n    cat << EOM\nerror: The sandbox is not in sync with the Podfile.lock. Run 'pod install' or update your CocoaPods installation.\nEOM\n    exit 1\nfi\n";
			showEnvVarsInLog = 0;
		};
		7CEA24BC349BB5433141344A /* [CP] Copy Pods Resources */ = {
			isa = PBXShellScriptBuildPhase;
			buildActionMask = 2147483647;
			files = (
			);
			inputPaths = (
			);
			name = "[CP] Copy Pods Resources";
			outputPaths = (
			);
			runOnlyForDeploymentPostprocessing = 0;
			shellPath = /bin/sh;
			shellScript = "\"${SRCROOT}/Pods/Target Support Files/Pods-myAppUITests/Pods-myAppUITests-resources.sh\"\n";
			showEnvVarsInLog = 0;
		};
		840C9615F82819A24BA4A687 /* [CP] Embed Pods Frameworks */ = {
			isa = PBXShellScriptBuildPhase;
			buildActionMask = 2147483647;
			files = (
			);
			inputPaths = (
			);
			name = "[CP] Embed Pods Frameworks";
			outputPaths = (
			);
			runOnlyForDeploymentPostprocessing = 0;
			shellPath = /bin/sh;
			shellScript = "\"${SRCROOT}/Pods/Target Support Files/Pods-myApp/Pods-myApp-frameworks.sh\"\n";
			showEnvVarsInLog = 0;
		};
		8B125FE74D267836366874EC /* [CP] Copy Pods Resources */ = {
			isa = PBXShellScriptBuildPhase;
			buildActionMask = 2147483647;
			files = (
			);
			inputPaths = (
			);
			name = "[CP] Copy Pods Resources";
			outputPaths = (
			);
			runOnlyForDeploymentPostprocessing = 0;
			shellPath = /bin/sh;
			shellScript = "\"${SRCROOT}/Pods/Target Support Files/Pods-myAppTests/Pods-myAppTests-resources.sh\"\n";
			showEnvVarsInLog = 0;
		};
		B16BEEDF09963F8130E3356A /* [CP] Check Pods Manifest.lock */ = {
			isa = PBXShellScriptBuildPhase;
			buildActionMask = 2147483647;
			files = (
			);
			inputPaths = (
			);
			name = "[CP] Check Pods Manifest.lock";
			outputPaths = (
			);
			runOnlyForDeploymentPostprocessing = 0;
			shellPath = /bin/sh;
			shellScript = "diff \"${PODS_ROOT}/../Podfile.lock\" \"${PODS_ROOT}/Manifest.lock\" > /dev/null\nif [[ $? != 0 ]] ; then\n    cat << EOM\nerror: The sandbox is not in sync with the Podfile.lock. Run 'pod install' or update your CocoaPods installation.\nEOM\n    exit 1\nfi\n";
			showEnvVarsInLog = 0;
		};
		C4D059BE7BF8BEF344C87FD6 /* [CP] Check Pods Manifest.lock */ = {
			isa = PBXShellScriptBuildPhase;
			buildActionMask = 2147483647;
			files = (
			);
			inputPaths = (
			);
			name = "[CP] Check Pods Manifest.lock";
			outputPaths = (
			);
			runOnlyForDeploymentPostprocessing = 0;
			shellPath = /bin/sh;
			shellScript = "diff \"${PODS_ROOT}/../Podfile.lock\" \"${PODS_ROOT}/Manifest.lock\" > /dev/null\nif [[ $? != 0 ]] ; then\n    cat << EOM\nerror: The sandbox is not in sync with the Podfile.lock. Run 'pod install' or update your CocoaPods installation.\nEOM\n    exit 1\nfi\n";
			showEnvVarsInLog = 0;
		};
		C59EB71C3CBF122FFD4CDEF0 /* [CP] Embed Pods Frameworks */ = {
			isa = PBXShellScriptBuildPhase;
			buildActionMask = 2147483647;
			files = (
			);
			inputPaths = (
			);
			name = "[CP] Embed Pods Frameworks";
			outputPaths = (
			);
			runOnlyForDeploymentPostprocessing = 0;
			shellPath = /bin/sh;
			shellScript = "\"${SRCROOT}/Pods/Target Support Files/Pods-myAppTests/Pods-myAppTests-frameworks.sh\"\n";
			showEnvVarsInLog = 0;
		};
/* End PBXShellScriptBuildPhase section */

/* Begin PBXSourcesBuildPhase section */
		BA5973501D36B24B00201D2F /* Sources */ = {
			isa = PBXSourcesBuildPhase;
			buildActionMask = 2147483647;
			files = (
				BA3B8E2B1D395750004D8563 /* TimePickerView.swift in Sources */,
				66F312D71D4586C1004318A7 /* YoutubeVideoCell.swift in Sources */,
				BA59735A1D36B24B00201D2F /* SearchViewController.swift in Sources */,
				BA59738A1D36E38900201D2F /* HTTPHelper.swift in Sources */,
				66DC8C2E1D47152400A606AD /* SpotifyPlayerView.swift in Sources */,
				665FB5AA1D42DDFB0093AEEE /* SpotifyHelper.swift in Sources */,
				660196321D3F4A08001B1EF8 /* Like.swift in Sources */,
				66DC983A1D4B32220046D93D /* Message.swift in Sources */,
				66E0802E1D400BF5001888EF /* MatchesViewController.swift in Sources */,
				BA49F31D1D3D931900D53474 /* User.swift in Sources */,
				669FB30D1D4086EC00DDE6FD /* SettingsViewController.swift in Sources */,
				66954BBC1D4ABF3100777B9D /* ChatViewController.swift in Sources */,
				66D9D45F1D40ADB1005433D9 /* ParseLoginHelper.swift in Sources */,
				66D9D4611D40B63C005433D9 /* ErrorHandling.swift in Sources */,
				6663AC3F1D404CA00063D20F /* Constants.swift in Sources */,
				66DE83C01D486F7E00DA253D /* InitialViewController.swift in Sources */,
				669FB30B1D4085A600DDE6FD /* ProfileViewController.swift in Sources */,
				66DB4A971D42995A00C92A4E /* SpotifySelectionViewController.swift in Sources */,
				BA5973581D36B24B00201D2F /* AppDelegate.swift in Sources */,
				BA49F31F1D3D9E5500D53474 /* Post.swift in Sources */,
				6663AC431D4050EB0063D20F /* LocationManager.swift in Sources */,
				66E080311D400F7F001888EF /* MatchesCell.swift in Sources */,
				BA49F3191D3D5D6200D53474 /* HomeViewController.swift in Sources */,
				667B59261D4461BF0005A38A /* SpotifyTrackCell.swift in Sources */,
				BADE5C451D384D0500827542 /* SelectViewController.swift in Sources */,
			);
			runOnlyForDeploymentPostprocessing = 0;
		};
		BA5973641D36B24B00201D2F /* Sources */ = {
			isa = PBXSourcesBuildPhase;
			buildActionMask = 2147483647;
			files = (
				BA59736D1D36B24B00201D2F /* testTests.swift in Sources */,
			);
			runOnlyForDeploymentPostprocessing = 0;
		};
		BA59736F1D36B24B00201D2F /* Sources */ = {
			isa = PBXSourcesBuildPhase;
			buildActionMask = 2147483647;
			files = (
				BA5973781D36B24B00201D2F /* testUITests.swift in Sources */,
			);
			runOnlyForDeploymentPostprocessing = 0;
		};
/* End PBXSourcesBuildPhase section */

/* Begin PBXTargetDependency section */
		BA59736A1D36B24B00201D2F /* PBXTargetDependency */ = {
			isa = PBXTargetDependency;
			target = BA5973531D36B24B00201D2F /* myApp */;
			targetProxy = BA5973691D36B24B00201D2F /* PBXContainerItemProxy */;
		};
		BA5973751D36B24B00201D2F /* PBXTargetDependency */ = {
			isa = PBXTargetDependency;
			target = BA5973531D36B24B00201D2F /* myApp */;
			targetProxy = BA5973741D36B24B00201D2F /* PBXContainerItemProxy */;
		};
/* End PBXTargetDependency section */

/* Begin PBXVariantGroup section */
		BA5973601D36B24B00201D2F /* LaunchScreen.storyboard */ = {
			isa = PBXVariantGroup;
			children = (
				BA5973611D36B24B00201D2F /* Base */,
			);
			name = LaunchScreen.storyboard;
			sourceTree = "<group>";
		};
/* End PBXVariantGroup section */

/* Begin XCBuildConfiguration section */
		BA59737A1D36B24B00201D2F /* Debug */ = {
			isa = XCBuildConfiguration;
			buildSettings = {
				ALWAYS_SEARCH_USER_PATHS = NO;
				CLANG_ANALYZER_NONNULL = YES;
				CLANG_CXX_LANGUAGE_STANDARD = "gnu++0x";
				CLANG_CXX_LIBRARY = "libc++";
				CLANG_ENABLE_MODULES = YES;
				CLANG_ENABLE_OBJC_ARC = YES;
				CLANG_WARN_BOOL_CONVERSION = YES;
				CLANG_WARN_CONSTANT_CONVERSION = YES;
				CLANG_WARN_DIRECT_OBJC_ISA_USAGE = YES_ERROR;
				CLANG_WARN_EMPTY_BODY = YES;
				CLANG_WARN_ENUM_CONVERSION = YES;
				CLANG_WARN_INT_CONVERSION = YES;
				CLANG_WARN_OBJC_ROOT_CLASS = YES_ERROR;
				CLANG_WARN_UNREACHABLE_CODE = YES;
				CLANG_WARN__DUPLICATE_METHOD_MATCH = YES;
				"CODE_SIGN_IDENTITY[sdk=iphoneos*]" = "iPhone Developer";
				COPY_PHASE_STRIP = NO;
				DEBUG_INFORMATION_FORMAT = dwarf;
				ENABLE_STRICT_OBJC_MSGSEND = YES;
				ENABLE_TESTABILITY = YES;
				GCC_C_LANGUAGE_STANDARD = gnu99;
				GCC_DYNAMIC_NO_PIC = NO;
				GCC_NO_COMMON_BLOCKS = YES;
				GCC_OPTIMIZATION_LEVEL = 0;
				GCC_PREPROCESSOR_DEFINITIONS = (
					"DEBUG=1",
					"$(inherited)",
				);
				GCC_WARN_64_TO_32_BIT_CONVERSION = YES;
				GCC_WARN_ABOUT_RETURN_TYPE = YES_ERROR;
				GCC_WARN_UNDECLARED_SELECTOR = YES;
				GCC_WARN_UNINITIALIZED_AUTOS = YES_AGGRESSIVE;
				GCC_WARN_UNUSED_FUNCTION = YES;
				GCC_WARN_UNUSED_VARIABLE = YES;
				IPHONEOS_DEPLOYMENT_TARGET = 9.3;
				MTL_ENABLE_DEBUG_INFO = YES;
				ONLY_ACTIVE_ARCH = YES;
				SDKROOT = iphoneos;
				SWIFT_OPTIMIZATION_LEVEL = "-Onone";
				TARGETED_DEVICE_FAMILY = "1,2";
			};
			name = Debug;
		};
		BA59737B1D36B24B00201D2F /* Release */ = {
			isa = XCBuildConfiguration;
			buildSettings = {
				ALWAYS_SEARCH_USER_PATHS = NO;
				CLANG_ANALYZER_NONNULL = YES;
				CLANG_CXX_LANGUAGE_STANDARD = "gnu++0x";
				CLANG_CXX_LIBRARY = "libc++";
				CLANG_ENABLE_MODULES = YES;
				CLANG_ENABLE_OBJC_ARC = YES;
				CLANG_WARN_BOOL_CONVERSION = YES;
				CLANG_WARN_CONSTANT_CONVERSION = YES;
				CLANG_WARN_DIRECT_OBJC_ISA_USAGE = YES_ERROR;
				CLANG_WARN_EMPTY_BODY = YES;
				CLANG_WARN_ENUM_CONVERSION = YES;
				CLANG_WARN_INT_CONVERSION = YES;
				CLANG_WARN_OBJC_ROOT_CLASS = YES_ERROR;
				CLANG_WARN_UNREACHABLE_CODE = YES;
				CLANG_WARN__DUPLICATE_METHOD_MATCH = YES;
				"CODE_SIGN_IDENTITY[sdk=iphoneos*]" = "iPhone Developer";
				COPY_PHASE_STRIP = NO;
				DEBUG_INFORMATION_FORMAT = "dwarf-with-dsym";
				ENABLE_NS_ASSERTIONS = NO;
				ENABLE_STRICT_OBJC_MSGSEND = YES;
				GCC_C_LANGUAGE_STANDARD = gnu99;
				GCC_NO_COMMON_BLOCKS = YES;
				GCC_WARN_64_TO_32_BIT_CONVERSION = YES;
				GCC_WARN_ABOUT_RETURN_TYPE = YES_ERROR;
				GCC_WARN_UNDECLARED_SELECTOR = YES;
				GCC_WARN_UNINITIALIZED_AUTOS = YES_AGGRESSIVE;
				GCC_WARN_UNUSED_FUNCTION = YES;
				GCC_WARN_UNUSED_VARIABLE = YES;
				IPHONEOS_DEPLOYMENT_TARGET = 9.3;
				MTL_ENABLE_DEBUG_INFO = NO;
				SDKROOT = iphoneos;
				TARGETED_DEVICE_FAMILY = "1,2";
				VALIDATE_PRODUCT = YES;
			};
			name = Release;
		};
		BA59737D1D36B24B00201D2F /* Debug */ = {
			isa = XCBuildConfiguration;
			baseConfigurationReference = 183B8CE496EBE57BFB5E38E9 /* Pods-myApp.debug.xcconfig */;
			buildSettings = {
				ASSETCATALOG_COMPILER_APPICON_NAME = AppIcon;
				CODE_SIGN_IDENTITY = "iPhone Developer";
				"CODE_SIGN_IDENTITY[sdk=iphoneos*]" = "iPhone Developer";
				FRAMEWORK_SEARCH_PATHS = (
					"$(inherited)",
					"$(PROJECT_DIR)",
				);
				INFOPLIST_FILE = test/Info.plist;
				LD_RUNPATH_SEARCH_PATHS = "$(inherited) @executable_path/Frameworks";
				OTHER_LDFLAGS = (
					"$(inherited)",
					"-ObjC",
					"-l\"c++\"",
					"-l\"icucore\"",
					"-l\"sqlite3\"",
					"-l\"z\"",
					"-framework",
					"\"Bolts\"",
					"-framework",
					"\"ConvenienceKit\"",
					"-framework",
					"\"FBSDKCoreKit\"",
					"-framework",
					"\"FBSDKLoginKit\"",
					"-framework",
					"\"Parse\"",
					"-framework",
					"\"ParseFacebookUtilsV4\"",
					"-framework",
					"\"ParseUI\"",
					"-framework",
					"\"youtube_ios_player_helper\"",
				);
				PRODUCT_BUNDLE_IDENTIFIER = com.henrydeclety.musicSocializer;
				PRODUCT_NAME = myApp;
				PROVISIONING_PROFILE = "";
				SWIFT_OBJC_BRIDGING_HEADER = "test/myApp-Bridging-Header.h";
			};
			name = Debug;
		};
		BA59737E1D36B24B00201D2F /* Release */ = {
			isa = XCBuildConfiguration;
			baseConfigurationReference = B789CD63D8BD85E5E0F6CB48 /* Pods-myApp.release.xcconfig */;
			buildSettings = {
				ASSETCATALOG_COMPILER_APPICON_NAME = AppIcon;
				CODE_SIGN_IDENTITY = "iPhone Developer";
				"CODE_SIGN_IDENTITY[sdk=iphoneos*]" = "iPhone Developer";
				FRAMEWORK_SEARCH_PATHS = (
					"$(inherited)",
					"$(PROJECT_DIR)",
				);
				INFOPLIST_FILE = test/Info.plist;
				LD_RUNPATH_SEARCH_PATHS = "$(inherited) @executable_path/Frameworks";
				OTHER_LDFLAGS = (
					"$(inherited)",
					"-ObjC",
					"-l\"c++\"",
					"-l\"icucore\"",
					"-l\"sqlite3\"",
					"-l\"z\"",
					"-framework",
					"\"Bolts\"",
					"-framework",
					"\"ConvenienceKit\"",
					"-framework",
					"\"FBSDKCoreKit\"",
					"-framework",
					"\"FBSDKLoginKit\"",
					"-framework",
					"\"Parse\"",
					"-framework",
					"\"ParseFacebookUtilsV4\"",
					"-framework",
					"\"ParseUI\"",
					"-framework",
					"\"youtube_ios_player_helper\"",
				);
				PRODUCT_BUNDLE_IDENTIFIER = com.henrydeclety.musicSocializer;
				PRODUCT_NAME = myApp;
				PROVISIONING_PROFILE = "";
				SWIFT_OBJC_BRIDGING_HEADER = "test/myApp-Bridging-Header.h";
			};
			name = Release;
		};
		BA5973801D36B24B00201D2F /* Debug */ = {
			isa = XCBuildConfiguration;
			baseConfigurationReference = 91A75B62F057C0F888B36231 /* Pods-myAppTests.debug.xcconfig */;
			buildSettings = {
				BUNDLE_LOADER = "$(TEST_HOST)";
				INFOPLIST_FILE = testTests/Info.plist;
				LD_RUNPATH_SEARCH_PATHS = "$(inherited) @executable_path/Frameworks @loader_path/Frameworks";
				PRODUCT_BUNDLE_IDENTIFIER = com.henrydeclety.testTests;
				PRODUCT_NAME = myApp;
				TEST_HOST = "$(BUILT_PRODUCTS_DIR)/myApp.app/myApp";
			};
			name = Debug;
		};
		BA5973811D36B24B00201D2F /* Release */ = {
			isa = XCBuildConfiguration;
			baseConfigurationReference = F7BEF2959042762130BD6A85 /* Pods-myAppTests.release.xcconfig */;
			buildSettings = {
				BUNDLE_LOADER = "$(TEST_HOST)";
				INFOPLIST_FILE = testTests/Info.plist;
				LD_RUNPATH_SEARCH_PATHS = "$(inherited) @executable_path/Frameworks @loader_path/Frameworks";
				PRODUCT_BUNDLE_IDENTIFIER = com.henrydeclety.testTests;
				PRODUCT_NAME = myApp;
				TEST_HOST = "$(BUILT_PRODUCTS_DIR)/myApp.app/myApp";
			};
			name = Release;
		};
		BA5973831D36B24B00201D2F /* Debug */ = {
			isa = XCBuildConfiguration;
			baseConfigurationReference = AD29123990C9F40027B9CC8C /* Pods-myAppUITests.debug.xcconfig */;
			buildSettings = {
				INFOPLIST_FILE = testUITests/Info.plist;
				LD_RUNPATH_SEARCH_PATHS = "$(inherited) @executable_path/Frameworks @loader_path/Frameworks";
				PRODUCT_BUNDLE_IDENTIFIER = com.henrydeclety.testUITests;
				PRODUCT_NAME = myApp;
				TEST_TARGET_NAME = test;
			};
			name = Debug;
		};
		BA5973841D36B24B00201D2F /* Release */ = {
			isa = XCBuildConfiguration;
			baseConfigurationReference = 9D75B920C53C2FFCF9570BA4 /* Pods-myAppUITests.release.xcconfig */;
			buildSettings = {
				INFOPLIST_FILE = testUITests/Info.plist;
				LD_RUNPATH_SEARCH_PATHS = "$(inherited) @executable_path/Frameworks @loader_path/Frameworks";
				PRODUCT_BUNDLE_IDENTIFIER = com.henrydeclety.testUITests;
				PRODUCT_NAME = myApp;
				TEST_TARGET_NAME = test;
			};
			name = Release;
		};
/* End XCBuildConfiguration section */

/* Begin XCConfigurationList section */
		BA59734F1D36B24B00201D2F /* Build configuration list for PBXProject "myApp" */ = {
			isa = XCConfigurationList;
			buildConfigurations = (
				BA59737A1D36B24B00201D2F /* Debug */,
				BA59737B1D36B24B00201D2F /* Release */,
			);
			defaultConfigurationIsVisible = 0;
			defaultConfigurationName = Release;
		};
		BA59737C1D36B24B00201D2F /* Build configuration list for PBXNativeTarget "myApp" */ = {
			isa = XCConfigurationList;
			buildConfigurations = (
				BA59737D1D36B24B00201D2F /* Debug */,
				BA59737E1D36B24B00201D2F /* Release */,
			);
			defaultConfigurationIsVisible = 0;
			defaultConfigurationName = Release;
		};
		BA59737F1D36B24B00201D2F /* Build configuration list for PBXNativeTarget "myAppTests" */ = {
			isa = XCConfigurationList;
			buildConfigurations = (
				BA5973801D36B24B00201D2F /* Debug */,
				BA5973811D36B24B00201D2F /* Release */,
			);
			defaultConfigurationIsVisible = 0;
			defaultConfigurationName = Release;
		};
		BA5973821D36B24B00201D2F /* Build configuration list for PBXNativeTarget "myAppUITests" */ = {
			isa = XCConfigurationList;
			buildConfigurations = (
				BA5973831D36B24B00201D2F /* Debug */,
				BA5973841D36B24B00201D2F /* Release */,
			);
			defaultConfigurationIsVisible = 0;
			defaultConfigurationName = Release;
		};
/* End XCConfigurationList section */
	};
	rootObject = BA59734C1D36B24B00201D2F /* Project object */;
}
